
Microsoft Visual Studio Solution File, Format Version 12.00
# Visual Studio Version 17
VisualStudioVersion = 17.4.33213.308
MinimumVisualStudioVersion = 10.0.40219.1
Project("{FAE04EC0-301F-11D3-BF4B-00C04F79EFBC}") = "ConsoleApp13", "ConsoleApp13.csproj", "{6BD2D8AE-93CE-4B4C-9E5B-1F536858BD76}"
EndProject
Global
	GlobalSection(SolutionConfigurationPlatforms) = preSolution
		Debug|Any CPU = Debug|Any CPU
		Release|Any CPU = Release|Any CPU
	EndGlobalSection
	GlobalSection(ProjectConfigurationPlatforms) = postSolution
		{6BD2D8AE-93CE-4B4C-9E5B-1F536858BD76}.Debug|Any CPU.ActiveCfg = Debug|Any CPU
		{6BD2D8AE-93CE-4B4C-9E5B-1F536858BD76}.Debug|Any CPU.Build.0 = Debug|Any CPU
		{6BD2D8AE-93CE-4B4C-9E5B-1F536858BD76}.Release|Any CPU.ActiveCfg = Release|Any CPU
		{6BD2D8AE-93CE-4B4C-9E5B-1F536858BD76}.Release|Any CPU.Build.0 = Release|Any CPU
	EndGlobalSection
	GlobalSection(SolutionProperties) = preSolution
		HideSolutionNode = FALSE
	EndGlobalSection
	GlobalSection(ExtensibilityGlobals) = postSolution
		SolutionGuid = {4D8244EE-8EB4-44E9-9D4D-4781D3ADEC1E}
	EndGlobalSection
EndGlobal
